// !$*UTF8*$!
{
	archiveVersion = 1;
	classes = {
	};
	objectVersion = 46;
	objects = {

/* Begin PBXBuildFile section */
		B30B6E5F1F252A6700BC91E8 /* main.m in Sources */ = {isa = PBXBuildFile; fileRef = B30B6E5E1F252A6700BC91E8 /* main.m */; };
		B30B6E621F252A6700BC91E8 /* AppDelegate.m in Sources */ = {isa = PBXBuildFile; fileRef = B30B6E611F252A6700BC91E8 /* AppDelegate.m */; };
		B30B6E651F252A6700BC91E8 /* ViewController.m in Sources */ = {isa = PBXBuildFile; fileRef = B30B6E641F252A6700BC91E8 /* ViewController.m */; };
		B30B6E681F252A6700BC91E8 /* Main.storyboard in Resources */ = {isa = PBXBuildFile; fileRef = B30B6E661F252A6700BC91E8 /* Main.storyboard */; };
		B30B6E6A1F252A6700BC91E8 /* Assets.xcassets in Resources */ = {isa = PBXBuildFile; fileRef = B30B6E691F252A6700BC91E8 /* Assets.xcassets */; };
		B30B6E6D1F252A6700BC91E8 /* LaunchScreen.storyboard in Resources */ = {isa = PBXBuildFile; fileRef = B30B6E6B1F252A6700BC91E8 /* LaunchScreen.storyboard */; };
		B30B6E9B1F25C94A00BC91E8 /* Accelerate.framework in Frameworks */ = {isa = PBXBuildFile; fileRef = B30B6E7C1F25C94A00BC91E8 /* Accelerate.framework */; };
		B30B6E9C1F25C94A00BC91E8 /* AddressBook.framework in Frameworks */ = {isa = PBXBuildFile; fileRef = B30B6E7D1F25C94A00BC91E8 /* AddressBook.framework */; };
		B30B6E9D1F25C94A00BC91E8 /* AddressBookUI.framework in Frameworks */ = {isa = PBXBuildFile; fileRef = B30B6E7E1F25C94A00BC91E8 /* AddressBookUI.framework */; };
		B30B6E9E1F25C94A00BC91E8 /* AssetsLibrary.framework in Frameworks */ = {isa = PBXBuildFile; fileRef = B30B6E7F1F25C94A00BC91E8 /* AssetsLibrary.framework */; };
		B30B6E9F1F25C94A00BC91E8 /* AudioToolbox.framework in Frameworks */ = {isa = PBXBuildFile; fileRef = B30B6E801F25C94A00BC91E8 /* AudioToolbox.framework */; };
		B30B6EA01F25C94A00BC91E8 /* AVFoundation.framework in Frameworks */ = {isa = PBXBuildFile; fileRef = B30B6E811F25C94A00BC91E8 /* AVFoundation.framework */; };
		B30B6EA11F25C94A00BC91E8 /* CFNetwork.framework in Frameworks */ = {isa = PBXBuildFile; fileRef = B30B6E821F25C94A00BC91E8 /* CFNetwork.framework */; };
		B30B6EA21F25C94A00BC91E8 /* CoreBluetooth.framework in Frameworks */ = {isa = PBXBuildFile; fileRef = B30B6E831F25C94A00BC91E8 /* CoreBluetooth.framework */; };
		B30B6EA31F25C94A00BC91E8 /* CoreGraphics.framework in Frameworks */ = {isa = PBXBuildFile; fileRef = B30B6E841F25C94A00BC91E8 /* CoreGraphics.framework */; };
		B30B6EA41F25C94A00BC91E8 /* CoreImage.framework in Frameworks */ = {isa = PBXBuildFile; fileRef = B30B6E851F25C94A00BC91E8 /* CoreImage.framework */; };
		B30B6EA51F25C94A00BC91E8 /* CoreLocation.framework in Frameworks */ = {isa = PBXBuildFile; fileRef = B30B6E861F25C94A00BC91E8 /* CoreLocation.framework */; };
		B30B6EA61F25C94A00BC91E8 /* CoreMedia.framework in Frameworks */ = {isa = PBXBuildFile; fileRef = B30B6E871F25C94A00BC91E8 /* CoreMedia.framework */; };
		B30B6EA71F25C94A00BC91E8 /* CoreTelephony.framework in Frameworks */ = {isa = PBXBuildFile; fileRef = B30B6E881F25C94A00BC91E8 /* CoreTelephony.framework */; };
		B30B6EA81F25C94A00BC91E8 /* CoreText.framework in Frameworks */ = {isa = PBXBuildFile; fileRef = B30B6E891F25C94A00BC91E8 /* CoreText.framework */; };
		B30B6EA91F25C94A00BC91E8 /* CoreVideo.framework in Frameworks */ = {isa = PBXBuildFile; fileRef = B30B6E8A1F25C94A00BC91E8 /* CoreVideo.framework */; };
		B30B6EAA1F25C94A00BC91E8 /* EventKit.framework in Frameworks */ = {isa = PBXBuildFile; fileRef = B30B6E8B1F25C94A00BC91E8 /* EventKit.framework */; };
		B30B6EAB1F25C94A00BC91E8 /* Foundation.framework in Frameworks */ = {isa = PBXBuildFile; fileRef = B30B6E8C1F25C94A00BC91E8 /* Foundation.framework */; };
		B30B6EAC1F25C94A00BC91E8 /* ImageIO.framework in Frameworks */ = {isa = PBXBuildFile; fileRef = B30B6E8D1F25C94A00BC91E8 /* ImageIO.framework */; };
		B30B6EAD1F25C94A00BC91E8 /* libc++.tbd in Frameworks */ = {isa = PBXBuildFile; fileRef = B30B6E8E1F25C94A00BC91E8 /* libc++.tbd */; };
		B30B6EAE1F25C94A00BC91E8 /* libstdc++.6.tbd in Frameworks */ = {isa = PBXBuildFile; fileRef = B30B6E8F1F25C94A00BC91E8 /* libstdc++.6.tbd */; };
		B30B6EAF1F25C94A00BC91E8 /* libxml2.2.tbd in Frameworks */ = {isa = PBXBuildFile; fileRef = B30B6E901F25C94A00BC91E8 /* libxml2.2.tbd */; };
		B30B6EB01F25C94A00BC91E8 /* libz.tbd in Frameworks */ = {isa = PBXBuildFile; fileRef = B30B6E911F25C94A00BC91E8 /* libz.tbd */; };
		B30B6EB11F25C94A00BC91E8 /* MapKit.framework in Frameworks */ = {isa = PBXBuildFile; fileRef = B30B6E921F25C94A00BC91E8 /* MapKit.framework */; };
		B30B6EB21F25C94A00BC91E8 /* MediaPlayer.framework in Frameworks */ = {isa = PBXBuildFile; fileRef = B30B6E931F25C94A00BC91E8 /* MediaPlayer.framework */; };
		B30B6EB31F25C94A00BC91E8 /* MessageUI.framework in Frameworks */ = {isa = PBXBuildFile; fileRef = B30B6E941F25C94A00BC91E8 /* MessageUI.framework */; };
		B30B6EB41F25C94A00BC91E8 /* MobileCoreServices.framework in Frameworks */ = {isa = PBXBuildFile; fileRef = B30B6E951F25C94A00BC91E8 /* MobileCoreServices.framework */; };
		B30B6EB51F25C94A00BC91E8 /* QuartzCore.framework in Frameworks */ = {isa = PBXBuildFile; fileRef = B30B6E961F25C94A00BC91E8 /* QuartzCore.framework */; };
		B30B6EB61F25C94A00BC91E8 /* Security.framework in Frameworks */ = {isa = PBXBuildFile; fileRef = B30B6E971F25C94A00BC91E8 /* Security.framework */; };
		B30B6EB71F25C94A00BC91E8 /* StoreKit.framework in Frameworks */ = {isa = PBXBuildFile; fileRef = B30B6E981F25C94A00BC91E8 /* StoreKit.framework */; };
		B30B6EB81F25C94A00BC91E8 /* SystemConfiguration.framework in Frameworks */ = {isa = PBXBuildFile; fileRef = B30B6E991F25C94A00BC91E8 /* SystemConfiguration.framework */; };
		B30B6EB91F25C94A00BC91E8 /* UIKit.framework in Frameworks */ = {isa = PBXBuildFile; fileRef = B30B6E9A1F25C94A00BC91E8 /* UIKit.framework */; };
		B3E4BD8E206C64A70059890E /* ChatSDK.framework in Frameworks */ = {isa = PBXBuildFile; fileRef = B3E4BD8C206C64A40059890E /* ChatSDK.framework */; };
		B3E4BD8F206C64A70059890E /* ChatSDKResource.bundle in Resources */ = {isa = PBXBuildFile; fileRef = B3E4BD8D206C64A70059890E /* ChatSDKResource.bundle */; };
/* End PBXBuildFile section */

/* Begin PBXFileReference section */
		B30B6E5A1F252A6700BC91E8 /* CT-Companion.app */ = {isa = PBXFileReference; explicitFileType = wrapper.application; includeInIndex = 0; path = "CT-Companion.app"; sourceTree = BUILT_PRODUCTS_DIR; };
		B30B6E5E1F252A6700BC91E8 /* main.m */ = {isa = PBXFileReference; lastKnownFileType = sourcecode.c.objc; path = main.m; sourceTree = "<group>"; };
		B30B6E601F252A6700BC91E8 /* AppDelegate.h */ = {isa = PBXFileReference; lastKnownFileType = sourcecode.c.h; path = AppDelegate.h; sourceTree = "<group>"; };
		B30B6E611F252A6700BC91E8 /* AppDelegate.m */ = {isa = PBXFileReference; lastKnownFileType = sourcecode.c.objc; path = AppDelegate.m; sourceTree = "<group>"; };
		B30B6E631F252A6700BC91E8 /* ViewController.h */ = {isa = PBXFileReference; lastKnownFileType = sourcecode.c.h; path = ViewController.h; sourceTree = "<group>"; };
		B30B6E641F252A6700BC91E8 /* ViewController.m */ = {isa = PBXFileReference; lastKnownFileType = sourcecode.c.objc; path = ViewController.m; sourceTree = "<group>"; };
		B30B6E671F252A6700BC91E8 /* Base */ = {isa = PBXFileReference; lastKnownFileType = file.storyboard; name = Base; path = Base.lproj/Main.storyboard; sourceTree = "<group>"; };
		B30B6E691F252A6700BC91E8 /* Assets.xcassets */ = {isa = PBXFileReference; lastKnownFileType = folder.assetcatalog; path = Assets.xcassets; sourceTree = "<group>"; };
		B30B6E6C1F252A6700BC91E8 /* Base */ = {isa = PBXFileReference; lastKnownFileType = file.storyboard; name = Base; path = Base.lproj/LaunchScreen.storyboard; sourceTree = "<group>"; };
		B30B6E6E1F252A6700BC91E8 /* Info.plist */ = {isa = PBXFileReference; lastKnownFileType = text.plist.xml; path = Info.plist; sourceTree = "<group>"; };
		B30B6E7C1F25C94A00BC91E8 /* Accelerate.framework */ = {isa = PBXFileReference; lastKnownFileType = wrapper.framework; name = Accelerate.framework; path = System/Library/Frameworks/Accelerate.framework; sourceTree = SDKROOT; };
		B30B6E7D1F25C94A00BC91E8 /* AddressBook.framework */ = {isa = PBXFileReference; lastKnownFileType = wrapper.framework; name = AddressBook.framework; path = System/Library/Frameworks/AddressBook.framework; sourceTree = SDKROOT; };
		B30B6E7E1F25C94A00BC91E8 /* AddressBookUI.framework */ = {isa = PBXFileReference; lastKnownFileType = wrapper.framework; name = AddressBookUI.framework; path = System/Library/Frameworks/AddressBookUI.framework; sourceTree = SDKROOT; };
		B30B6E7F1F25C94A00BC91E8 /* AssetsLibrary.framework */ = {isa = PBXFileReference; lastKnownFileType = wrapper.framework; name = AssetsLibrary.framework; path = System/Library/Frameworks/AssetsLibrary.framework; sourceTree = SDKROOT; };
		B30B6E801F25C94A00BC91E8 /* AudioToolbox.framework */ = {isa = PBXFileReference; lastKnownFileType = wrapper.framework; name = AudioToolbox.framework; path = System/Library/Frameworks/AudioToolbox.framework; sourceTree = SDKROOT; };
		B30B6E811F25C94A00BC91E8 /* AVFoundation.framework */ = {isa = PBXFileReference; lastKnownFileType = wrapper.framework; name = AVFoundation.framework; path = System/Library/Frameworks/AVFoundation.framework; sourceTree = SDKROOT; };
		B30B6E821F25C94A00BC91E8 /* CFNetwork.framework */ = {isa = PBXFileReference; lastKnownFileType = wrapper.framework; name = CFNetwork.framework; path = System/Library/Frameworks/CFNetwork.framework; sourceTree = SDKROOT; };
		B30B6E831F25C94A00BC91E8 /* CoreBluetooth.framework */ = {isa = PBXFileReference; lastKnownFileType = wrapper.framework; name = CoreBluetooth.framework; path = System/Library/Frameworks/CoreBluetooth.framework; sourceTree = SDKROOT; };
		B30B6E841F25C94A00BC91E8 /* CoreGraphics.framework */ = {isa = PBXFileReference; lastKnownFileType = wrapper.framework; name = CoreGraphics.framework; path = System/Library/Frameworks/CoreGraphics.framework; sourceTree = SDKROOT; };
		B30B6E851F25C94A00BC91E8 /* CoreImage.framework */ = {isa = PBXFileReference; lastKnownFileType = wrapper.framework; name = CoreImage.framework; path = System/Library/Frameworks/CoreImage.framework; sourceTree = SDKROOT; };
		B30B6E861F25C94A00BC91E8 /* CoreLocation.framework */ = {isa = PBXFileReference; lastKnownFileType = wrapper.framework; name = CoreLocation.framework; path = System/Library/Frameworks/CoreLocation.framework; sourceTree = SDKROOT; };
		B30B6E871F25C94A00BC91E8 /* CoreMedia.framework */ = {isa = PBXFileReference; lastKnownFileType = wrapper.framework; name = CoreMedia.framework; path = System/Library/Frameworks/CoreMedia.framework; sourceTree = SDKROOT; };
		B30B6E881F25C94A00BC91E8 /* CoreTelephony.framework */ = {isa = PBXFileReference; lastKnownFileType = wrapper.framework; name = CoreTelephony.framework; path = System/Library/Frameworks/CoreTelephony.framework; sourceTree = SDKROOT; };
		B30B6E891F25C94A00BC91E8 /* CoreText.framework */ = {isa = PBXFileReference; lastKnownFileType = wrapper.framework; name = CoreText.framework; path = System/Library/Frameworks/CoreText.framework; sourceTree = SDKROOT; };
		B30B6E8A1F25C94A00BC91E8 /* CoreVideo.framework */ = {isa = PBXFileReference; lastKnownFileType = wrapper.framework; name = CoreVideo.framework; path = System/Library/Frameworks/CoreVideo.framework; sourceTree = SDKROOT; };
		B30B6E8B1F25C94A00BC91E8 /* EventKit.framework */ = {isa = PBXFileReference; lastKnownFileType = wrapper.framework; name = EventKit.framework; path = System/Library/Frameworks/EventKit.framework; sourceTree = SDKROOT; };
		B30B6E8C1F25C94A00BC91E8 /* Foundation.framework */ = {isa = PBXFileReference; lastKnownFileType = wrapper.framework; name = Foundation.framework; path = System/Library/Frameworks/Foundation.framework; sourceTree = SDKROOT; };
		B30B6E8D1F25C94A00BC91E8 /* ImageIO.framework */ = {isa = PBXFileReference; lastKnownFileType = wrapper.framework; name = ImageIO.framework; path = System/Library/Frameworks/ImageIO.framework; sourceTree = SDKROOT; };
		B30B6E8E1F25C94A00BC91E8 /* libc++.tbd */ = {isa = PBXFileReference; lastKnownFileType = "sourcecode.text-based-dylib-definition"; name = "libc++.tbd"; path = "usr/lib/libc++.tbd"; sourceTree = SDKROOT; };
		B30B6E8F1F25C94A00BC91E8 /* libstdc++.6.tbd */ = {isa = PBXFileReference; lastKnownFileType = "sourcecode.text-based-dylib-definition"; name = "libstdc++.6.tbd"; path = "usr/lib/libstdc++.6.tbd"; sourceTree = SDKROOT; };
		B30B6E901F25C94A00BC91E8 /* libxml2.2.tbd */ = {isa = PBXFileReference; lastKnownFileType = "sourcecode.text-based-dylib-definition"; name = libxml2.2.tbd; path = usr/lib/libxml2.2.tbd; sourceTree = SDKROOT; };
		B30B6E911F25C94A00BC91E8 /* libz.tbd */ = {isa = PBXFileReference; lastKnownFileType = "sourcecode.text-based-dylib-definition"; name = libz.tbd; path = usr/lib/libz.tbd; sourceTree = SDKROOT; };
		B30B6E921F25C94A00BC91E8 /* MapKit.framework */ = {isa = PBXFileReference; lastKnownFileType = wrapper.framework; name = MapKit.framework; path = System/Library/Frameworks/MapKit.framework; sourceTree = SDKROOT; };
		B30B6E931F25C94A00BC91E8 /* MediaPlayer.framework */ = {isa = PBXFileReference; lastKnownFileType = wrapper.framework; name = MediaPlayer.framework; path = System/Library/Frameworks/MediaPlayer.framework; sourceTree = SDKROOT; };
		B30B6E941F25C94A00BC91E8 /* MessageUI.framework */ = {isa = PBXFileReference; lastKnownFileType = wrapper.framework; name = MessageUI.framework; path = System/Library/Frameworks/MessageUI.framework; sourceTree = SDKROOT; };
		B30B6E951F25C94A00BC91E8 /* MobileCoreServices.framework */ = {isa = PBXFileReference; lastKnownFileType = wrapper.framework; name = MobileCoreServices.framework; path = System/Library/Frameworks/MobileCoreServices.framework; sourceTree = SDKROOT; };
		B30B6E961F25C94A00BC91E8 /* QuartzCore.framework */ = {isa = PBXFileReference; lastKnownFileType = wrapper.framework; name = QuartzCore.framework; path = System/Library/Frameworks/QuartzCore.framework; sourceTree = SDKROOT; };
		B30B6E971F25C94A00BC91E8 /* Security.framework */ = {isa = PBXFileReference; lastKnownFileType = wrapper.framework; name = Security.framework; path = System/Library/Frameworks/Security.framework; sourceTree = SDKROOT; };
		B30B6E981F25C94A00BC91E8 /* StoreKit.framework */ = {isa = PBXFileReference; lastKnownFileType = wrapper.framework; name = StoreKit.framework; path = System/Library/Frameworks/StoreKit.framework; sourceTree = SDKROOT; };
		B30B6E991F25C94A00BC91E8 /* SystemConfiguration.framework */ = {isa = PBXFileReference; lastKnownFileType = wrapper.framework; name = SystemConfiguration.framework; path = System/Library/Frameworks/SystemConfiguration.framework; sourceTree = SDKROOT; };
		B30B6E9A1F25C94A00BC91E8 /* UIKit.framework */ = {isa = PBXFileReference; lastKnownFileType = wrapper.framework; name = UIKit.framework; path = System/Library/Frameworks/UIKit.framework; sourceTree = SDKROOT; };
		B3E4BD8C206C64A40059890E /* ChatSDK.framework */ = {isa = PBXFileReference; lastKnownFileType = wrapper.framework; path = ChatSDK.framework; sourceTree = "<group>"; };
		B3E4BD8D206C64A70059890E /* ChatSDKResource.bundle */ = {isa = PBXFileReference; lastKnownFileType = "wrapper.plug-in"; path = ChatSDKResource.bundle; sourceTree = "<group>"; };
/* End PBXFileReference section */

/* Begin PBXFrameworksBuildPhase section */
		B30B6E571F252A6700BC91E8 /* Frameworks */ = {
			isa = PBXFrameworksBuildPhase;
			buildActionMask = 2147483647;
			files = (
				B30B6E9B1F25C94A00BC91E8 /* Accelerate.framework in Frameworks */,
				B30B6E9C1F25C94A00BC91E8 /* AddressBook.framework in Frameworks */,
				B30B6E9D1F25C94A00BC91E8 /* AddressBookUI.framework in Frameworks */,
				B30B6E9E1F25C94A00BC91E8 /* AssetsLibrary.framework in Frameworks */,
				B30B6E9F1F25C94A00BC91E8 /* AudioToolbox.framework in Frameworks */,
				B30B6EA01F25C94A00BC91E8 /* AVFoundation.framework in Frameworks */,
				B30B6EA11F25C94A00BC91E8 /* CFNetwork.framework in Frameworks */,
				B30B6EA21F25C94A00BC91E8 /* CoreBluetooth.framework in Frameworks */,
				B30B6EA31F25C94A00BC91E8 /* CoreGraphics.framework in Frameworks */,
				B30B6EA41F25C94A00BC91E8 /* CoreImage.framework in Frameworks */,
				B30B6EA51F25C94A00BC91E8 /* CoreLocation.framework in Frameworks */,
				B30B6EA61F25C94A00BC91E8 /* CoreMedia.framework in Frameworks */,
				B30B6EA71F25C94A00BC91E8 /* CoreTelephony.framework in Frameworks */,
				B30B6EA81F25C94A00BC91E8 /* CoreText.framework in Frameworks */,
				B30B6EA91F25C94A00BC91E8 /* CoreVideo.framework in Frameworks */,
				B3E4BD8E206C64A70059890E /* ChatSDK.framework in Frameworks */,
				B30B6EAA1F25C94A00BC91E8 /* EventKit.framework in Frameworks */,
				B30B6EAB1F25C94A00BC91E8 /* Foundation.framework in Frameworks */,
				B30B6EAC1F25C94A00BC91E8 /* ImageIO.framework in Frameworks */,
				B30B6EAD1F25C94A00BC91E8 /* libc++.tbd in Frameworks */,
				B30B6EAE1F25C94A00BC91E8 /* libstdc++.6.tbd in Frameworks */,
				B30B6EAF1F25C94A00BC91E8 /* libxml2.2.tbd in Frameworks */,
				B30B6EB01F25C94A00BC91E8 /* libz.tbd in Frameworks */,
				B30B6EB11F25C94A00BC91E8 /* MapKit.framework in Frameworks */,
				B30B6EB21F25C94A00BC91E8 /* MediaPlayer.framework in Frameworks */,
				B30B6EB31F25C94A00BC91E8 /* MessageUI.framework in Frameworks */,
				B30B6EB41F25C94A00BC91E8 /* MobileCoreServices.framework in Frameworks */,
				B30B6EB51F25C94A00BC91E8 /* QuartzCore.framework in Frameworks */,
				B30B6EB61F25C94A00BC91E8 /* Security.framework in Frameworks */,
				B30B6EB71F25C94A00BC91E8 /* StoreKit.framework in Frameworks */,
				B30B6EB81F25C94A00BC91E8 /* SystemConfiguration.framework in Frameworks */,
				B30B6EB91F25C94A00BC91E8 /* UIKit.framework in Frameworks */,
			);
			runOnlyForDeploymentPostprocessing = 0;
		};
/* End PBXFrameworksBuildPhase section */

/* Begin PBXGroup section */
		B30B6E511F252A6700BC91E8 = {
			isa = PBXGroup;
			children = (
				B30B6E5C1F252A6700BC91E8 /* CT-Companion */,
				B30B6E5B1F252A6700BC91E8 /* Products */,
				B30B6E7B1F25C94A00BC91E8 /* Frameworks */,
			);
			sourceTree = "<group>";
		};
		B30B6E5B1F252A6700BC91E8 /* Products */ = {
			isa = PBXGroup;
			children = (
				B30B6E5A1F252A6700BC91E8 /* CT-Companion.app */,
			);
			name = Products;
			sourceTree = "<group>";
		};
		B30B6E5C1F252A6700BC91E8 /* CT-Companion */ = {
			isa = PBXGroup;
			children = (
				B30B6E601F252A6700BC91E8 /* AppDelegate.h */,
				B30B6E611F252A6700BC91E8 /* AppDelegate.m */,
				B30B6E631F252A6700BC91E8 /* ViewController.h */,
				B30B6E641F252A6700BC91E8 /* ViewController.m */,
				B30B6E661F252A6700BC91E8 /* Main.storyboard */,
				B30B6E691F252A6700BC91E8 /* Assets.xcassets */,
				B30B6E6B1F252A6700BC91E8 /* LaunchScreen.storyboard */,
				B30B6E6E1F252A6700BC91E8 /* Info.plist */,
				B30B6E5D1F252A6700BC91E8 /* Supporting Files */,
			);
			path = "CT-Companion";
			sourceTree = "<group>";
		};
		B30B6E5D1F252A6700BC91E8 /* Supporting Files */ = {
			isa = PBXGroup;
			children = (
				B3E4BD8C206C64A40059890E /* ChatSDK.framework */,
				B3E4BD8D206C64A70059890E /* ChatSDKResource.bundle */,
				B30B6E5E1F252A6700BC91E8 /* main.m */,
			);
			name = "Supporting Files";
			sourceTree = "<group>";
		};
		B30B6E7B1F25C94A00BC91E8 /* Frameworks */ = {
			isa = PBXGroup;
			children = (
				B30B6E7C1F25C94A00BC91E8 /* Accelerate.framework */,
				B30B6E7D1F25C94A00BC91E8 /* AddressBook.framework */,
				B30B6E7E1F25C94A00BC91E8 /* AddressBookUI.framework */,
				B30B6E7F1F25C94A00BC91E8 /* AssetsLibrary.framework */,
				B30B6E801F25C94A00BC91E8 /* AudioToolbox.framework */,
				B30B6E811F25C94A00BC91E8 /* AVFoundation.framework */,
				B30B6E821F25C94A00BC91E8 /* CFNetwork.framework */,
				B30B6E831F25C94A00BC91E8 /* CoreBluetooth.framework */,
				B30B6E841F25C94A00BC91E8 /* CoreGraphics.framework */,
				B30B6E851F25C94A00BC91E8 /* CoreImage.framework */,
				B30B6E861F25C94A00BC91E8 /* CoreLocation.framework */,
				B30B6E871F25C94A00BC91E8 /* CoreMedia.framework */,
				B30B6E881F25C94A00BC91E8 /* CoreTelephony.framework */,
				B30B6E891F25C94A00BC91E8 /* CoreText.framework */,
				B30B6E8A1F25C94A00BC91E8 /* CoreVideo.framework */,
				B30B6E8B1F25C94A00BC91E8 /* EventKit.framework */,
				B30B6E8C1F25C94A00BC91E8 /* Foundation.framework */,
				B30B6E8D1F25C94A00BC91E8 /* ImageIO.framework */,
				B30B6E8E1F25C94A00BC91E8 /* libc++.tbd */,
				B30B6E8F1F25C94A00BC91E8 /* libstdc++.6.tbd */,
				B30B6E901F25C94A00BC91E8 /* libxml2.2.tbd */,
				B30B6E911F25C94A00BC91E8 /* libz.tbd */,
				B30B6E921F25C94A00BC91E8 /* MapKit.framework */,
				B30B6E931F25C94A00BC91E8 /* MediaPlayer.framework */,
				B30B6E941F25C94A00BC91E8 /* MessageUI.framework */,
				B30B6E951F25C94A00BC91E8 /* MobileCoreServices.framework */,
				B30B6E961F25C94A00BC91E8 /* QuartzCore.framework */,
				B30B6E971F25C94A00BC91E8 /* Security.framework */,
				B30B6E981F25C94A00BC91E8 /* StoreKit.framework */,
				B30B6E991F25C94A00BC91E8 /* SystemConfiguration.framework */,
				B30B6E9A1F25C94A00BC91E8 /* UIKit.framework */,
			);
			name = Frameworks;
			sourceTree = "<group>";
		};
/* End PBXGroup section */

/* Begin PBXNativeTarget section */
		B30B6E591F252A6700BC91E8 /* CT-Companion */ = {
			isa = PBXNativeTarget;
			buildConfigurationList = B30B6E711F252A6700BC91E8 /* Build configuration list for PBXNativeTarget "CT-Companion" */;
			buildPhases = (
				B30B6E561F252A6700BC91E8 /* Sources */,
				B30B6E571F252A6700BC91E8 /* Frameworks */,
				B30B6E581F252A6700BC91E8 /* Resources */,
			);
			buildRules = (
			);
			dependencies = (
			);
			name = "CT-Companion";
			productName = "4Q Credit Card";
			productReference = B30B6E5A1F252A6700BC91E8 /* CT-Companion.app */;
			productType = "com.apple.product-type.application";
		};
/* End PBXNativeTarget section */

/* Begin PBXProject section */
		B30B6E521F252A6700BC91E8 /* Project object */ = {
			isa = PBXProject;
			attributes = {
				LastUpgradeCheck = 0830;
				ORGANIZATIONNAME = "Tony Xu";
				TargetAttributes = {
					B30B6E591F252A6700BC91E8 = {
						CreatedOnToolsVersion = 8.3.3;
						DevelopmentTeam = 8VCM532KHD;
						ProvisioningStyle = Automatic;
						SystemCapabilities = {
							com.apple.BackgroundModes = {
								enabled = 1;
							};
						};
					};
				};
			};
			buildConfigurationList = B30B6E551F252A6700BC91E8 /* Build configuration list for PBXProject "CT-Companion" */;
			compatibilityVersion = "Xcode 3.2";
			developmentRegion = English;
			hasScannedForEncodings = 0;
			knownRegions = (
				en,
				Base,
			);
			mainGroup = B30B6E511F252A6700BC91E8;
			productRefGroup = B30B6E5B1F252A6700BC91E8 /* Products */;
			projectDirPath = "";
			projectRoot = "";
			targets = (
				B30B6E591F252A6700BC91E8 /* CT-Companion */,
			);
		};
/* End PBXProject section */

/* Begin PBXResourcesBuildPhase section */
		B30B6E581F252A6700BC91E8 /* Resources */ = {
			isa = PBXResourcesBuildPhase;
			buildActionMask = 2147483647;
			files = (
				B3E4BD8F206C64A70059890E /* ChatSDKResource.bundle in Resources */,
				B30B6E6D1F252A6700BC91E8 /* LaunchScreen.storyboard in Resources */,
				B30B6E6A1F252A6700BC91E8 /* Assets.xcassets in Resources */,
				B30B6E681F252A6700BC91E8 /* Main.storyboard in Resources */,
			);
			runOnlyForDeploymentPostprocessing = 0;
		};
/* End PBXResourcesBuildPhase section */

/* Begin PBXSourcesBuildPhase section */
		B30B6E561F252A6700BC91E8 /* Sources */ = {
			isa = PBXSourcesBuildPhase;
			buildActionMask = 2147483647;
			files = (
				B30B6E651F252A6700BC91E8 /* ViewController.m in Sources */,
				B30B6E621F252A6700BC91E8 /* AppDelegate.m in Sources */,
				B30B6E5F1F252A6700BC91E8 /* main.m in Sources */,
			);
			runOnlyForDeploymentPostprocessing = 0;
		};
/* End PBXSourcesBuildPhase section */

/* Begin PBXVariantGroup section */
		B30B6E661F252A6700BC91E8 /* Main.storyboard */ = {
			isa = PBXVariantGroup;
			children = (
				B30B6E671F252A6700BC91E8 /* Base */,
			);
			name = Main.storyboard;
			sourceTree = "<group>";
		};
		B30B6E6B1F252A6700BC91E8 /* LaunchScreen.storyboard */ = {
			isa = PBXVariantGroup;
			children = (
				B30B6E6C1F252A6700BC91E8 /* Base */,
			);
			name = LaunchScreen.storyboard;
			sourceTree = "<group>";
		};
/* End PBXVariantGroup section */

/* Begin XCBuildConfiguration section */
		B30B6E6F1F252A6700BC91E8 /* Debug */ = {
			isa = XCBuildConfiguration;
			buildSettings = {
				ALWAYS_SEARCH_USER_PATHS = NO;
				CLANG_ANALYZER_NONNULL = YES;
				CLANG_ANALYZER_NUMBER_OBJECT_CONVERSION = YES_AGGRESSIVE;
				CLANG_CXX_LANGUAGE_STANDARD = "gnu++0x";
				CLANG_CXX_LIBRARY = "libc++";
				CLANG_ENABLE_MODULES = YES;
				CLANG_ENABLE_OBJC_ARC = YES;
				CLANG_WARN_BOOL_CONVERSION = YES;
				CLANG_WARN_CONSTANT_CONVERSION = YES;
				CLANG_WARN_DIRECT_OBJC_ISA_USAGE = YES_ERROR;
				CLANG_WARN_DOCUMENTATION_COMMENTS = YES;
				CLANG_WARN_EMPTY_BODY = YES;
				CLANG_WARN_ENUM_CONVERSION = YES;
				CLANG_WARN_INFINITE_RECURSION = YES;
				CLANG_WARN_INT_CONVERSION = YES;
				CLANG_WARN_OBJC_ROOT_CLASS = YES_ERROR;
				CLANG_WARN_SUSPICIOUS_MOVE = YES;
				CLANG_WARN_UNREACHABLE_CODE = YES;
				CLANG_WARN__DUPLICATE_METHOD_MATCH = YES;
				"CODE_SIGN_IDENTITY[sdk=iphoneos*]" = "iPhone Developer";
				COPY_PHASE_STRIP = NO;
				DEBUG_INFORMATION_FORMAT = dwarf;
				ENABLE_STRICT_OBJC_MSGSEND = YES;
				ENABLE_TESTABILITY = YES;
				GCC_C_LANGUAGE_STANDARD = gnu99;
				GCC_DYNAMIC_NO_PIC = NO;
				GCC_NO_COMMON_BLOCKS = YES;
				GCC_OPTIMIZATION_LEVEL = 0;
				GCC_PREPROCESSOR_DEFINITIONS = (
					"DEBUG=1",
					"$(inherited)",
				);
				GCC_WARN_64_TO_32_BIT_CONVERSION = YES;
				GCC_WARN_ABOUT_RETURN_TYPE = YES_ERROR;
				GCC_WARN_UNDECLARED_SELECTOR = YES;
				GCC_WARN_UNINITIALIZED_AUTOS = YES_AGGRESSIVE;
				GCC_WARN_UNUSED_FUNCTION = YES;
				GCC_WARN_UNUSED_VARIABLE = YES;
				IPHONEOS_DEPLOYMENT_TARGET = 10.3;
				MTL_ENABLE_DEBUG_INFO = YES;
				ONLY_ACTIVE_ARCH = YES;
				SDKROOT = iphoneos;
			};
			name = Debug;
		};
		B30B6E701F252A6700BC91E8 /* Release */ = {
			isa = XCBuildConfiguration;
			buildSettings = {
				ALWAYS_SEARCH_USER_PATHS = NO;
				CLANG_ANALYZER_NONNULL = YES;
				CLANG_ANALYZER_NUMBER_OBJECT_CONVERSION = YES_AGGRESSIVE;
				CLANG_CXX_LANGUAGE_STANDARD = "gnu++0x";
				CLANG_CXX_LIBRARY = "libc++";
				CLANG_ENABLE_MODULES = YES;
				CLANG_ENABLE_OBJC_ARC = YES;
				CLANG_WARN_BOOL_CONVERSION = YES;
				CLANG_WARN_CONSTANT_CONVERSION = YES;
				CLANG_WARN_DIRECT_OBJC_ISA_USAGE = YES_ERROR;
				CLANG_WARN_DOCUMENTATION_COMMENTS = YES;
				CLANG_WARN_EMPTY_BODY = YES;
				CLANG_WARN_ENUM_CONVERSION = YES;
				CLANG_WARN_INFINITE_RECURSION = YES;
				CLANG_WARN_INT_CONVERSION = YES;
				CLANG_WARN_OBJC_ROOT_CLASS = YES_ERROR;
				CLANG_WARN_SUSPICIOUS_MOVE = YES;
				CLANG_WARN_UNREACHABLE_CODE = YES;
				CLANG_WARN__DUPLICATE_METHOD_MATCH = YES;
				"CODE_SIGN_IDENTITY[sdk=iphoneos*]" = "iPhone Developer";
				COPY_PHASE_STRIP = NO;
				DEBUG_INFORMATION_FORMAT = "dwarf-with-dsym";
				ENABLE_NS_ASSERTIONS = NO;
				ENABLE_STRICT_OBJC_MSGSEND = YES;
				GCC_C_LANGUAGE_STANDARD = gnu99;
				GCC_NO_COMMON_BLOCKS = YES;
				GCC_WARN_64_TO_32_BIT_CONVERSION = YES;
				GCC_WARN_ABOUT_RETURN_TYPE = YES_ERROR;
				GCC_WARN_UNDECLARED_SELECTOR = YES;
				GCC_WARN_UNINITIALIZED_AUTOS = YES_AGGRESSIVE;
				GCC_WARN_UNUSED_FUNCTION = YES;
				GCC_WARN_UNUSED_VARIABLE = YES;
				IPHONEOS_DEPLOYMENT_TARGET = 10.3;
				MTL_ENABLE_DEBUG_INFO = NO;
				SDKROOT = iphoneos;
				VALIDATE_PRODUCT = YES;
			};
			name = Release;
		};
		B30B6E721F252A6700BC91E8 /* Debug */ = {
			isa = XCBuildConfiguration;
			buildSettings = {
				ASSETCATALOG_COMPILER_APPICON_NAME = AppIcon;
				"CODE_SIGN_IDENTITY[sdk=iphoneos*]" = "iPhone Developer";
				CODE_SIGN_STYLE = Automatic;
				DEVELOPMENT_TEAM = 8VCM532KHD;
				ENABLE_BITCODE = NO;
				FRAMEWORK_SEARCH_PATHS = (
					"$(inherited)",
					"$(PROJECT_DIR)/MoxtraConversationSDK.sdk",
					"$(PROJECT_DIR)/CT-Companion",
				);
				INFOPLIST_FILE = "$(SRCROOT)/CT-Companion/Info.plist";
				LD_RUNPATH_SEARCH_PATHS = "$(inherited) @executable_path/Frameworks";
				OTHER_LDFLAGS = "-ObjC";
				PRODUCT_BUNDLE_IDENTIFIER = "us.yihan.ct-companion";
				PRODUCT_NAME = "$(TARGET_NAME)";
				PROVISIONING_PROFILE_SPECIFIER = "";
			};
			name = Debug;
		};
		B30B6E731F252A6700BC91E8 /* Release */ = {
			isa = XCBuildConfiguration;
			buildSettings = {
				ASSETCATALOG_COMPILER_APPICON_NAME = AppIcon;
				"CODE_SIGN_IDENTITY[sdk=iphoneos*]" = "iPhone Developer";
				CODE_SIGN_STYLE = Automatic;
				DEVELOPMENT_TEAM = 8VCM532KHD;
				ENABLE_BITCODE = NO;
				FRAMEWORK_SEARCH_PATHS = (
					"$(inherited)",
					"$(PROJECT_DIR)/MoxtraConversationSDK.sdk",
					"$(PROJECT_DIR)/CT-Companion",
				);
				INFOPLIST_FILE = "$(SRCROOT)/CT-Companion/Info.plist";
				LD_RUNPATH_SEARCH_PATHS = "$(inherited) @executable_path/Frameworks";
				OTHER_LDFLAGS = "-ObjC";
				PRODUCT_BUNDLE_IDENTIFIER = "us.yihan.ct-companion";
				PRODUCT_NAME = "$(TARGET_NAME)";
				PROVISIONING_PROFILE = "";
				PROVISIONING_PROFILE_SPECIFIER = "";
			};
			name = Release;
		};
/* End XCBuildConfiguration section */

/* Begin XCConfigurationList section */
		B30B6E551F252A6700BC91E8 /* Build configuration list for PBXProject "CT-Companion" */ = {
			isa = XCConfigurationList;
			buildConfigurations = (
				B30B6E6F1F252A6700BC91E8 /* Debug */,
				B30B6E701F252A6700BC91E8 /* Release */,
			);
			defaultConfigurationIsVisible = 0;
			defaultConfigurationName = Release;
		};
		B30B6E711F252A6700BC91E8 /* Build configuration list for PBXNativeTarget "CT-Companion" */ = {
			isa = XCConfigurationList;
			buildConfigurations = (
				B30B6E721F252A6700BC91E8 /* Debug */,
				B30B6E731F252A6700BC91E8 /* Release */,
			);
			defaultConfigurationIsVisible = 0;
			defaultConfigurationName = Release;
		};
/* End XCConfigurationList section */
	};
	rootObject = B30B6E521F252A6700BC91E8 /* Project object */;
}
